{
    "requires": true,
    "lockfileVersion": 1,
    "dependencies": {
        "@ttskch/select2-bootstrap4-theme": {
            "version": "1.2.2",
            "resolved": "https://registry.npmjs.org/@ttskch/select2-bootstrap4-theme/-/select2-bootstrap4-theme-1.2.2.tgz",
            "integrity": "sha512-BQp6GI820p41ohq6Zmaok/2LUddz2Pnt2N9KMlxzOJstWQAGA08ybezW8I24JH6SdlmUPoXcOFagZSVv5/5Sog=="
        }
    }
}
